
Microsoft Visual Studio Solution File, Format Version 12.00
# Visual Studio Version 17
VisualStudioVersion = 17.5.33424.131
MinimumVisualStudioVersion = 10.0.40219.1
Project("{FAE04EC0-301F-11D3-BF4B-00C04F79EFBC}") = "APIDemo", "APIDemo.csproj", "{B4870ADD-ABAC-4209-8B6B-AD94AD29BC8C}"
EndProject
Global
	GlobalSection(SolutionConfigurationPlatforms) = preSolution
		Debug|Any CPU = Debug|Any CPU
		Release|Any CPU = Release|Any CPU
	EndGlobalSection
	GlobalSection(ProjectConfigurationPlatforms) = postSolution
		{B4870ADD-ABAC-4209-8B6B-AD94AD29BC8C}.Debug|Any CPU.ActiveCfg = Debug|Any CPU
		{B4870ADD-ABAC-4209-8B6B-AD94AD29BC8C}.Debug|Any CPU.Build.0 = Debug|Any CPU
		{B4870ADD-ABAC-4209-8B6B-AD94AD29BC8C}.Release|Any CPU.ActiveCfg = Release|Any CPU
		{B4870ADD-ABAC-4209-8B6B-AD94AD29BC8C}.Release|Any CPU.Build.0 = Release|Any CPU
	EndGlobalSection
	GlobalSection(SolutionProperties) = preSolution
		HideSolutionNode = FALSE
	EndGlobalSection
	GlobalSection(ExtensibilityGlobals) = postSolution
		SolutionGuid = {2F557FA4-1539-4061-8E6F-27109FDEBD83}
	EndGlobalSection
EndGlobal
